// !$*UTF8*$!
{
	archiveVersion = 1;
	classes = {
	};
	objectVersion = 46;
	objects = {

/* Begin PBXBuildFile section */
		1D584394078AFCBC3693EB97 /* Pods_PagingScrollView_Tests.framework in Frameworks */ = {isa = PBXBuildFile; fileRef = 8BA69352016ADFAC7AAA3CC1 /* Pods_PagingScrollView_Tests.framework */; };
		607FACD61AFB9204008FA782 /* AppDelegate.swift in Sources */ = {isa = PBXBuildFile; fileRef = 607FACD51AFB9204008FA782 /* AppDelegate.swift */; };
		607FACDB1AFB9204008FA782 /* Main.storyboard in Resources */ = {isa = PBXBuildFile; fileRef = 607FACD91AFB9204008FA782 /* Main.storyboard */; };
		607FACDD1AFB9204008FA782 /* Images.xcassets in Resources */ = {isa = PBXBuildFile; fileRef = 607FACDC1AFB9204008FA782 /* Images.xcassets */; };
		607FACE01AFB9204008FA782 /* LaunchScreen.xib in Resources */ = {isa = PBXBuildFile; fileRef = 607FACDE1AFB9204008FA782 /* LaunchScreen.xib */; };
		607FACEC1AFB9204008FA782 /* Tests.swift in Sources */ = {isa = PBXBuildFile; fileRef = 607FACEB1AFB9204008FA782 /* Tests.swift */; };
		B6B386718BA8E5B6D175A1C4 /* Pods_PagingScrollView_Example.framework in Frameworks */ = {isa = PBXBuildFile; fileRef = 3BA39A0C26E404323D1E2B31 /* Pods_PagingScrollView_Example.framework */; };
		E4773EC524614AD20050EB4B /* ParallaxViewController.swift in Sources */ = {isa = PBXBuildFile; fileRef = E4773EC424614AD20050EB4B /* ParallaxViewController.swift */; };
		E4773EC724614AFA0050EB4B /* ParallaxViewCell.swift in Sources */ = {isa = PBXBuildFile; fileRef = E4773EC624614AFA0050EB4B /* ParallaxViewCell.swift */; };
		E4773EE924614B1C0050EB4B /* pngwing.com-3@2x.png in Resources */ = {isa = PBXBuildFile; fileRef = E4773ECA24614B1C0050EB4B /* pngwing.com-3@2x.png */; };
		E4773EEA24614B1C0050EB4B /* pngwing.com-1@3x.png in Resources */ = {isa = PBXBuildFile; fileRef = E4773ECB24614B1C0050EB4B /* pngwing.com-1@3x.png */; };
		E4773EEB24614B1C0050EB4B /* pngwing.com-1@2x.png in Resources */ = {isa = PBXBuildFile; fileRef = E4773ECC24614B1C0050EB4B /* pngwing.com-1@2x.png */; };
		E4773EEC24614B1C0050EB4B /* pngwing.com-3@3x.png in Resources */ = {isa = PBXBuildFile; fileRef = E4773ECD24614B1C0050EB4B /* pngwing.com-3@3x.png */; };
		E4773EED24614B1C0050EB4B /* pngwing.com-7@3x.png in Resources */ = {isa = PBXBuildFile; fileRef = E4773ECE24614B1C0050EB4B /* pngwing.com-7@3x.png */; };
		E4773EEE24614B1C0050EB4B /* pngwing.com-5@2x.png in Resources */ = {isa = PBXBuildFile; fileRef = E4773ECF24614B1C0050EB4B /* pngwing.com-5@2x.png */; };
		E4773EEF24614B1C0050EB4B /* pngwing.com-9@2x.png in Resources */ = {isa = PBXBuildFile; fileRef = E4773ED024614B1C0050EB4B /* pngwing.com-9@2x.png */; };
		E4773EF024614B1C0050EB4B /* pngwing.com-9.png in Resources */ = {isa = PBXBuildFile; fileRef = E4773ED124614B1C0050EB4B /* pngwing.com-9.png */; };
		E4773EF124614B1C0050EB4B /* pngwing.com-8.png in Resources */ = {isa = PBXBuildFile; fileRef = E4773ED224614B1C0050EB4B /* pngwing.com-8.png */; };
		E4773EF224614B1C0050EB4B /* pngwing.com-9@3x.png in Resources */ = {isa = PBXBuildFile; fileRef = E4773ED324614B1C0050EB4B /* pngwing.com-9@3x.png */; };
		E4773EF324614B1C0050EB4B /* pngwing.com-5@3x.png in Resources */ = {isa = PBXBuildFile; fileRef = E4773ED424614B1C0050EB4B /* pngwing.com-5@3x.png */; };
		E4773EF424614B1C0050EB4B /* pngwing.com-7@2x.png in Resources */ = {isa = PBXBuildFile; fileRef = E4773ED524614B1C0050EB4B /* pngwing.com-7@2x.png */; };
		E4773EF524614B1C0050EB4B /* pngwing.com-0@3x.png in Resources */ = {isa = PBXBuildFile; fileRef = E4773ED624614B1C0050EB4B /* pngwing.com-0@3x.png */; };
		E4773EF624614B1C0050EB4B /* pngwing.com-3.png in Resources */ = {isa = PBXBuildFile; fileRef = E4773ED724614B1C0050EB4B /* pngwing.com-3.png */; };
		E4773EF724614B1C0050EB4B /* pngwing.com-2@2x.png in Resources */ = {isa = PBXBuildFile; fileRef = E4773ED824614B1C0050EB4B /* pngwing.com-2@2x.png */; };
		E4773EF824614B1C0050EB4B /* pngwing.com-2.png in Resources */ = {isa = PBXBuildFile; fileRef = E4773ED924614B1C0050EB4B /* pngwing.com-2.png */; };
		E4773EF924614B1C0050EB4B /* pngwing.com-0.png in Resources */ = {isa = PBXBuildFile; fileRef = E4773EDA24614B1C0050EB4B /* pngwing.com-0.png */; };
		E4773EFA24614B1C0050EB4B /* pngwing.com-1.png in Resources */ = {isa = PBXBuildFile; fileRef = E4773EDB24614B1C0050EB4B /* pngwing.com-1.png */; };
		E4773EFB24614B1C0050EB4B /* pngwing.com-5.png in Resources */ = {isa = PBXBuildFile; fileRef = E4773EDC24614B1C0050EB4B /* pngwing.com-5.png */; };
		E4773EFC24614B1C0050EB4B /* pngwing.com-4.png in Resources */ = {isa = PBXBuildFile; fileRef = E4773EDD24614B1C0050EB4B /* pngwing.com-4.png */; };
		E4773EFD24614B1C0050EB4B /* pngwing.com-6.png in Resources */ = {isa = PBXBuildFile; fileRef = E4773EDE24614B1C0050EB4B /* pngwing.com-6.png */; };
		E4773EFE24614B1C0050EB4B /* pngwing.com-2@3x.png in Resources */ = {isa = PBXBuildFile; fileRef = E4773EDF24614B1C0050EB4B /* pngwing.com-2@3x.png */; };
		E4773EFF24614B1C0050EB4B /* pngwing.com-7.png in Resources */ = {isa = PBXBuildFile; fileRef = E4773EE024614B1C0050EB4B /* pngwing.com-7.png */; };
		E4773F0024614B1C0050EB4B /* pngwing.com-0@2x.png in Resources */ = {isa = PBXBuildFile; fileRef = E4773EE124614B1C0050EB4B /* pngwing.com-0@2x.png */; };
		E4773F0124614B1C0050EB4B /* pngwing.com-4@2x.png in Resources */ = {isa = PBXBuildFile; fileRef = E4773EE224614B1C0050EB4B /* pngwing.com-4@2x.png */; };
		E4773F0224614B1C0050EB4B /* pngwing.com-8@2x.png in Resources */ = {isa = PBXBuildFile; fileRef = E4773EE324614B1C0050EB4B /* pngwing.com-8@2x.png */; };
		E4773F0324614B1C0050EB4B /* pngwing.com-6@3x.png in Resources */ = {isa = PBXBuildFile; fileRef = E4773EE424614B1C0050EB4B /* pngwing.com-6@3x.png */; };
		E4773F0424614B1C0050EB4B /* pngwing.com-6@2x.png in Resources */ = {isa = PBXBuildFile; fileRef = E4773EE524614B1C0050EB4B /* pngwing.com-6@2x.png */; };
		E4773F0524614B1C0050EB4B /* pngwing.com-8@3x.png in Resources */ = {isa = PBXBuildFile; fileRef = E4773EE624614B1C0050EB4B /* pngwing.com-8@3x.png */; };
		E4773F0624614B1C0050EB4B /* pngwing.com-4@3x.png in Resources */ = {isa = PBXBuildFile; fileRef = E4773EE724614B1C0050EB4B /* pngwing.com-4@3x.png */; };
		E4773F0724614B1C0050EB4B /* Characters.json in Resources */ = {isa = PBXBuildFile; fileRef = E4773EE824614B1C0050EB4B /* Characters.json */; };
		E4773F0A24614CAD0050EB4B /* Character.swift in Sources */ = {isa = PBXBuildFile; fileRef = E4773F0924614CAD0050EB4B /* Character.swift */; };
		E4773F0D246154560050EB4B /* UIColor+Extension.swift in Sources */ = {isa = PBXBuildFile; fileRef = E4773F0C246154560050EB4B /* UIColor+Extension.swift */; };
		E4773F0F2461592F0050EB4B /* ParallaxViewCell.xib in Resources */ = {isa = PBXBuildFile; fileRef = E4773F0E2461592F0050EB4B /* ParallaxViewCell.xib */; };
/* End PBXBuildFile section */

/* Begin PBXContainerItemProxy section */
		607FACE61AFB9204008FA782 /* PBXContainerItemProxy */ = {
			isa = PBXContainerItemProxy;
			containerPortal = 607FACC81AFB9204008FA782 /* Project object */;
			proxyType = 1;
			remoteGlobalIDString = 607FACCF1AFB9204008FA782;
			remoteInfo = PagingScrollView;
		};
/* End PBXContainerItemProxy section */

/* Begin PBXFileReference section */
		0D90AC3BB2C83D34A4CA77CA /* Pods-PagingScrollView_Tests.release.xcconfig */ = {isa = PBXFileReference; includeInIndex = 1; lastKnownFileType = text.xcconfig; name = "Pods-PagingScrollView_Tests.release.xcconfig"; path = "Target Support Files/Pods-PagingScrollView_Tests/Pods-PagingScrollView_Tests.release.xcconfig"; sourceTree = "<group>"; };
		34F3F1F4718A7CFA8FA958F5 /* Pods-PagingScrollView_Tests.debug.xcconfig */ = {isa = PBXFileReference; includeInIndex = 1; lastKnownFileType = text.xcconfig; name = "Pods-PagingScrollView_Tests.debug.xcconfig"; path = "Target Support Files/Pods-PagingScrollView_Tests/Pods-PagingScrollView_Tests.debug.xcconfig"; sourceTree = "<group>"; };
		3BA39A0C26E404323D1E2B31 /* Pods_PagingScrollView_Example.framework */ = {isa = PBXFileReference; explicitFileType = wrapper.framework; includeInIndex = 0; path = Pods_PagingScrollView_Example.framework; sourceTree = BUILT_PRODUCTS_DIR; };
		607FACD01AFB9204008FA782 /* PagingScrollView_Example.app */ = {isa = PBXFileReference; explicitFileType = wrapper.application; includeInIndex = 0; path = PagingScrollView_Example.app; sourceTree = BUILT_PRODUCTS_DIR; };
		607FACD41AFB9204008FA782 /* Info.plist */ = {isa = PBXFileReference; lastKnownFileType = text.plist.xml; path = Info.plist; sourceTree = "<group>"; };
		607FACD51AFB9204008FA782 /* AppDelegate.swift */ = {isa = PBXFileReference; lastKnownFileType = sourcecode.swift; path = AppDelegate.swift; sourceTree = "<group>"; };
		607FACDA1AFB9204008FA782 /* Base */ = {isa = PBXFileReference; lastKnownFileType = file.storyboard; name = Base; path = Base.lproj/Main.storyboard; sourceTree = "<group>"; };
		607FACDC1AFB9204008FA782 /* Images.xcassets */ = {isa = PBXFileReference; lastKnownFileType = folder.assetcatalog; path = Images.xcassets; sourceTree = "<group>"; };
		607FACDF1AFB9204008FA782 /* Base */ = {isa = PBXFileReference; lastKnownFileType = file.xib; name = Base; path = Base.lproj/LaunchScreen.xib; sourceTree = "<group>"; };
		607FACE51AFB9204008FA782 /* PagingScrollView_Tests.xctest */ = {isa = PBXFileReference; explicitFileType = wrapper.cfbundle; includeInIndex = 0; path = PagingScrollView_Tests.xctest; sourceTree = BUILT_PRODUCTS_DIR; };
		607FACEA1AFB9204008FA782 /* Info.plist */ = {isa = PBXFileReference; lastKnownFileType = text.plist.xml; path = Info.plist; sourceTree = "<group>"; };
		607FACEB1AFB9204008FA782 /* Tests.swift */ = {isa = PBXFileReference; lastKnownFileType = sourcecode.swift; path = Tests.swift; sourceTree = "<group>"; };
		7E39AF97C2AB269EFBCB3C80 /* PagingScrollView.podspec */ = {isa = PBXFileReference; includeInIndex = 1; lastKnownFileType = text; name = PagingScrollView.podspec; path = ../PagingScrollView.podspec; sourceTree = "<group>"; };
		84022FF66A7040AB2DC01177 /* Pods-PagingScrollView_Example.release.xcconfig */ = {isa = PBXFileReference; includeInIndex = 1; lastKnownFileType = text.xcconfig; name = "Pods-PagingScrollView_Example.release.xcconfig"; path = "Target Support Files/Pods-PagingScrollView_Example/Pods-PagingScrollView_Example.release.xcconfig"; sourceTree = "<group>"; };
		8BA69352016ADFAC7AAA3CC1 /* Pods_PagingScrollView_Tests.framework */ = {isa = PBXFileReference; explicitFileType = wrapper.framework; includeInIndex = 0; path = Pods_PagingScrollView_Tests.framework; sourceTree = BUILT_PRODUCTS_DIR; };
		900FDBDF0009C5B3397F94B3 /* README.md */ = {isa = PBXFileReference; includeInIndex = 1; lastKnownFileType = net.daringfireball.markdown; name = README.md; path = ../README.md; sourceTree = "<group>"; };
		B549446622A8A64B659E3129 /* Pods-PagingScrollView_Example.debug.xcconfig */ = {isa = PBXFileReference; includeInIndex = 1; lastKnownFileType = text.xcconfig; name = "Pods-PagingScrollView_Example.debug.xcconfig"; path = "Target Support Files/Pods-PagingScrollView_Example/Pods-PagingScrollView_Example.debug.xcconfig"; sourceTree = "<group>"; };
		E4773EC424614AD20050EB4B /* ParallaxViewController.swift */ = {isa = PBXFileReference; lastKnownFileType = sourcecode.swift; path = ParallaxViewController.swift; sourceTree = "<group>"; };
		E4773EC624614AFA0050EB4B /* ParallaxViewCell.swift */ = {isa = PBXFileReference; lastKnownFileType = sourcecode.swift; path = ParallaxViewCell.swift; sourceTree = "<group>"; };
		E4773ECA24614B1C0050EB4B /* pngwing.com-3@2x.png */ = {isa = PBXFileReference; lastKnownFileType = image.png; path = "pngwing.com-3@2x.png"; sourceTree = "<group>"; };
		E4773ECB24614B1C0050EB4B /* pngwing.com-1@3x.png */ = {isa = PBXFileReference; lastKnownFileType = image.png; path = "pngwing.com-1@3x.png"; sourceTree = "<group>"; };
		E4773ECC24614B1C0050EB4B /* pngwing.com-1@2x.png */ = {isa = PBXFileReference; lastKnownFileType = image.png; path = "pngwing.com-1@2x.png"; sourceTree = "<group>"; };
		E4773ECD24614B1C0050EB4B /* pngwing.com-3@3x.png */ = {isa = PBXFileReference; lastKnownFileType = image.png; path = "pngwing.com-3@3x.png"; sourceTree = "<group>"; };
		E4773ECE24614B1C0050EB4B /* pngwing.com-7@3x.png */ = {isa = PBXFileReference; lastKnownFileType = image.png; path = "pngwing.com-7@3x.png"; sourceTree = "<group>"; };
		E4773ECF24614B1C0050EB4B /* pngwing.com-5@2x.png */ = {isa = PBXFileReference; lastKnownFileType = image.png; path = "pngwing.com-5@2x.png"; sourceTree = "<group>"; };
		E4773ED024614B1C0050EB4B /* pngwing.com-9@2x.png */ = {isa = PBXFileReference; lastKnownFileType = image.png; path = "pngwing.com-9@2x.png"; sourceTree = "<group>"; };
		E4773ED124614B1C0050EB4B /* pngwing.com-9.png */ = {isa = PBXFileReference; lastKnownFileType = image.png; path = "pngwing.com-9.png"; sourceTree = "<group>"; };
		E4773ED224614B1C0050EB4B /* pngwing.com-8.png */ = {isa = PBXFileReference; lastKnownFileType = image.png; path = "pngwing.com-8.png"; sourceTree = "<group>"; };
		E4773ED324614B1C0050EB4B /* pngwing.com-9@3x.png */ = {isa = PBXFileReference; lastKnownFileType = image.png; path = "pngwing.com-9@3x.png"; sourceTree = "<group>"; };
		E4773ED424614B1C0050EB4B /* pngwing.com-5@3x.png */ = {isa = PBXFileReference; lastKnownFileType = image.png; path = "pngwing.com-5@3x.png"; sourceTree = "<group>"; };
		E4773ED524614B1C0050EB4B /* pngwing.com-7@2x.png */ = {isa = PBXFileReference; lastKnownFileType = image.png; path = "pngwing.com-7@2x.png"; sourceTree = "<group>"; };
		E4773ED624614B1C0050EB4B /* pngwing.com-0@3x.png */ = {isa = PBXFileReference; lastKnownFileType = image.png; path = "pngwing.com-0@3x.png"; sourceTree = "<group>"; };
		E4773ED724614B1C0050EB4B /* pngwing.com-3.png */ = {isa = PBXFileReference; lastKnownFileType = image.png; path = "pngwing.com-3.png"; sourceTree = "<group>"; };
		E4773ED824614B1C0050EB4B /* pngwing.com-2@2x.png */ = {isa = PBXFileReference; lastKnownFileType = image.png; path = "pngwing.com-2@2x.png"; sourceTree = "<group>"; };
		E4773ED924614B1C0050EB4B /* pngwing.com-2.png */ = {isa = PBXFileReference; lastKnownFileType = image.png; path = "pngwing.com-2.png"; sourceTree = "<group>"; };
		E4773EDA24614B1C0050EB4B /* pngwing.com-0.png */ = {isa = PBXFileReference; lastKnownFileType = image.png; path = "pngwing.com-0.png"; sourceTree = "<group>"; };
		E4773EDB24614B1C0050EB4B /* pngwing.com-1.png */ = {isa = PBXFileReference; lastKnownFileType = image.png; path = "pngwing.com-1.png"; sourceTree = "<group>"; };
		E4773EDC24614B1C0050EB4B /* pngwing.com-5.png */ = {isa = PBXFileReference; lastKnownFileType = image.png; path = "pngwing.com-5.png"; sourceTree = "<group>"; };
		E4773EDD24614B1C0050EB4B /* pngwing.com-4.png */ = {isa = PBXFileReference; lastKnownFileType = image.png; path = "pngwing.com-4.png"; sourceTree = "<group>"; };
		E4773EDE24614B1C0050EB4B /* pngwing.com-6.png */ = {isa = PBXFileReference; lastKnownFileType = image.png; path = "pngwing.com-6.png"; sourceTree = "<group>"; };
		E4773EDF24614B1C0050EB4B /* pngwing.com-2@3x.png */ = {isa = PBXFileReference; lastKnownFileType = image.png; path = "pngwing.com-2@3x.png"; sourceTree = "<group>"; };
		E4773EE024614B1C0050EB4B /* pngwing.com-7.png */ = {isa = PBXFileReference; lastKnownFileType = image.png; path = "pngwing.com-7.png"; sourceTree = "<group>"; };
		E4773EE124614B1C0050EB4B /* pngwing.com-0@2x.png */ = {isa = PBXFileReference; lastKnownFileType = image.png; path = "pngwing.com-0@2x.png"; sourceTree = "<group>"; };
		E4773EE224614B1C0050EB4B /* pngwing.com-4@2x.png */ = {isa = PBXFileReference; lastKnownFileType = image.png; path = "pngwing.com-4@2x.png"; sourceTree = "<group>"; };
		E4773EE324614B1C0050EB4B /* pngwing.com-8@2x.png */ = {isa = PBXFileReference; lastKnownFileType = image.png; path = "pngwing.com-8@2x.png"; sourceTree = "<group>"; };
		E4773EE424614B1C0050EB4B /* pngwing.com-6@3x.png */ = {isa = PBXFileReference; lastKnownFileType = image.png; path = "pngwing.com-6@3x.png"; sourceTree = "<group>"; };
		E4773EE524614B1C0050EB4B /* pngwing.com-6@2x.png */ = {isa = PBXFileReference; lastKnownFileType = image.png; path = "pngwing.com-6@2x.png"; sourceTree = "<group>"; };
		E4773EE624614B1C0050EB4B /* pngwing.com-8@3x.png */ = {isa = PBXFileReference; lastKnownFileType = image.png; path = "pngwing.com-8@3x.png"; sourceTree = "<group>"; };
		E4773EE724614B1C0050EB4B /* pngwing.com-4@3x.png */ = {isa = PBXFileReference; lastKnownFileType = image.png; path = "pngwing.com-4@3x.png"; sourceTree = "<group>"; };
		E4773EE824614B1C0050EB4B /* Characters.json */ = {isa = PBXFileReference; fileEncoding = 4; lastKnownFileType = text.json; path = Characters.json; sourceTree = "<group>"; };
		E4773F0924614CAD0050EB4B /* Character.swift */ = {isa = PBXFileReference; lastKnownFileType = sourcecode.swift; path = Character.swift; sourceTree = "<group>"; };
		E4773F0C246154560050EB4B /* UIColor+Extension.swift */ = {isa = PBXFileReference; fileEncoding = 4; lastKnownFileType = sourcecode.swift; path = "UIColor+Extension.swift"; sourceTree = "<group>"; };
		E4773F0E2461592F0050EB4B /* ParallaxViewCell.xib */ = {isa = PBXFileReference; lastKnownFileType = file.xib; path = ParallaxViewCell.xib; sourceTree = "<group>"; };
		FDC6F9088BBB8528FFD9DDCA /* LICENSE */ = {isa = PBXFileReference; includeInIndex = 1; lastKnownFileType = text; name = LICENSE; path = ../LICENSE; sourceTree = "<group>"; };
/* End PBXFileReference section */

/* Begin PBXFrameworksBuildPhase section */
		607FACCD1AFB9204008FA782 /* Frameworks */ = {
			isa = PBXFrameworksBuildPhase;
			buildActionMask = 2147483647;
			files = (
				B6B386718BA8E5B6D175A1C4 /* Pods_PagingScrollView_Example.framework in Frameworks */,
			);
			runOnlyForDeploymentPostprocessing = 0;
		};
		607FACE21AFB9204008FA782 /* Frameworks */ = {
			isa = PBXFrameworksBuildPhase;
			buildActionMask = 2147483647;
			files = (
				1D584394078AFCBC3693EB97 /* Pods_PagingScrollView_Tests.framework in Frameworks */,
			);
			runOnlyForDeploymentPostprocessing = 0;
		};
/* End PBXFrameworksBuildPhase section */

/* Begin PBXGroup section */
		207C73BB1B41097E0C6E0B06 /* Frameworks */ = {
			isa = PBXGroup;
			children = (
				3BA39A0C26E404323D1E2B31 /* Pods_PagingScrollView_Example.framework */,
				8BA69352016ADFAC7AAA3CC1 /* Pods_PagingScrollView_Tests.framework */,
			);
			name = Frameworks;
			sourceTree = "<group>";
		};
		4EAD31CCB66A0BB7A0A07618 /* Pods */ = {
			isa = PBXGroup;
			children = (
				B549446622A8A64B659E3129 /* Pods-PagingScrollView_Example.debug.xcconfig */,
				84022FF66A7040AB2DC01177 /* Pods-PagingScrollView_Example.release.xcconfig */,
				34F3F1F4718A7CFA8FA958F5 /* Pods-PagingScrollView_Tests.debug.xcconfig */,
				0D90AC3BB2C83D34A4CA77CA /* Pods-PagingScrollView_Tests.release.xcconfig */,
			);
			path = Pods;
			sourceTree = "<group>";
		};
		607FACC71AFB9204008FA782 = {
			isa = PBXGroup;
			children = (
				607FACF51AFB993E008FA782 /* Podspec Metadata */,
				607FACD21AFB9204008FA782 /* Example for PagingScrollView */,
				607FACE81AFB9204008FA782 /* Tests */,
				607FACD11AFB9204008FA782 /* Products */,
				4EAD31CCB66A0BB7A0A07618 /* Pods */,
				207C73BB1B41097E0C6E0B06 /* Frameworks */,
			);
			sourceTree = "<group>";
		};
		607FACD11AFB9204008FA782 /* Products */ = {
			isa = PBXGroup;
			children = (
				607FACD01AFB9204008FA782 /* PagingScrollView_Example.app */,
				607FACE51AFB9204008FA782 /* PagingScrollView_Tests.xctest */,
			);
			name = Products;
			sourceTree = "<group>";
		};
		607FACD21AFB9204008FA782 /* Example for PagingScrollView */ = {
			isa = PBXGroup;
			children = (
				E4773F0B246154300050EB4B /* Extensions */,
				E4773F0824614CA00050EB4B /* Model */,
				E4773EC824614B1C0050EB4B /* Resources */,
				607FACD51AFB9204008FA782 /* AppDelegate.swift */,
				E4773EC424614AD20050EB4B /* ParallaxViewController.swift */,
				E4773EC624614AFA0050EB4B /* ParallaxViewCell.swift */,
				E4773F0E2461592F0050EB4B /* ParallaxViewCell.xib */,
				607FACD91AFB9204008FA782 /* Main.storyboard */,
				607FACDC1AFB9204008FA782 /* Images.xcassets */,
				607FACDE1AFB9204008FA782 /* LaunchScreen.xib */,
				607FACD31AFB9204008FA782 /* Supporting Files */,
			);
			name = "Example for PagingScrollView";
			path = PagingScrollView;
			sourceTree = "<group>";
		};
		607FACD31AFB9204008FA782 /* Supporting Files */ = {
			isa = PBXGroup;
			children = (
				607FACD41AFB9204008FA782 /* Info.plist */,
			);
			name = "Supporting Files";
			sourceTree = "<group>";
		};
		607FACE81AFB9204008FA782 /* Tests */ = {
			isa = PBXGroup;
			children = (
				607FACEB1AFB9204008FA782 /* Tests.swift */,
				607FACE91AFB9204008FA782 /* Supporting Files */,
			);
			path = Tests;
			sourceTree = "<group>";
		};
		607FACE91AFB9204008FA782 /* Supporting Files */ = {
			isa = PBXGroup;
			children = (
				607FACEA1AFB9204008FA782 /* Info.plist */,
			);
			name = "Supporting Files";
			sourceTree = "<group>";
		};
		607FACF51AFB993E008FA782 /* Podspec Metadata */ = {
			isa = PBXGroup;
			children = (
				7E39AF97C2AB269EFBCB3C80 /* PagingScrollView.podspec */,
				900FDBDF0009C5B3397F94B3 /* README.md */,
				FDC6F9088BBB8528FFD9DDCA /* LICENSE */,
			);
			name = "Podspec Metadata";
			sourceTree = "<group>";
		};
		E4773EC824614B1C0050EB4B /* Resources */ = {
			isa = PBXGroup;
			children = (
				E4773EC924614B1C0050EB4B /* images */,
				E4773EE824614B1C0050EB4B /* Characters.json */,
			);
			path = Resources;
			sourceTree = "<group>";
		};
		E4773EC924614B1C0050EB4B /* images */ = {
			isa = PBXGroup;
			children = (
				E4773ECA24614B1C0050EB4B /* pngwing.com-3@2x.png */,
				E4773ECB24614B1C0050EB4B /* pngwing.com-1@3x.png */,
				E4773ECC24614B1C0050EB4B /* pngwing.com-1@2x.png */,
				E4773ECD24614B1C0050EB4B /* pngwing.com-3@3x.png */,
				E4773ECE24614B1C0050EB4B /* pngwing.com-7@3x.png */,
				E4773ECF24614B1C0050EB4B /* pngwing.com-5@2x.png */,
				E4773ED024614B1C0050EB4B /* pngwing.com-9@2x.png */,
				E4773ED124614B1C0050EB4B /* pngwing.com-9.png */,
				E4773ED224614B1C0050EB4B /* pngwing.com-8.png */,
				E4773ED324614B1C0050EB4B /* pngwing.com-9@3x.png */,
				E4773ED424614B1C0050EB4B /* pngwing.com-5@3x.png */,
				E4773ED524614B1C0050EB4B /* pngwing.com-7@2x.png */,
				E4773ED624614B1C0050EB4B /* pngwing.com-0@3x.png */,
				E4773ED724614B1C0050EB4B /* pngwing.com-3.png */,
				E4773ED824614B1C0050EB4B /* pngwing.com-2@2x.png */,
				E4773ED924614B1C0050EB4B /* pngwing.com-2.png */,
				E4773EDA24614B1C0050EB4B /* pngwing.com-0.png */,
				E4773EDB24614B1C0050EB4B /* pngwing.com-1.png */,
				E4773EDC24614B1C0050EB4B /* pngwing.com-5.png */,
				E4773EDD24614B1C0050EB4B /* pngwing.com-4.png */,
				E4773EDE24614B1C0050EB4B /* pngwing.com-6.png */,
				E4773EDF24614B1C0050EB4B /* pngwing.com-2@3x.png */,
				E4773EE024614B1C0050EB4B /* pngwing.com-7.png */,
				E4773EE124614B1C0050EB4B /* pngwing.com-0@2x.png */,
				E4773EE224614B1C0050EB4B /* pngwing.com-4@2x.png */,
				E4773EE324614B1C0050EB4B /* pngwing.com-8@2x.png */,
				E4773EE424614B1C0050EB4B /* pngwing.com-6@3x.png */,
				E4773EE524614B1C0050EB4B /* pngwing.com-6@2x.png */,
				E4773EE624614B1C0050EB4B /* pngwing.com-8@3x.png */,
				E4773EE724614B1C0050EB4B /* pngwing.com-4@3x.png */,
			);
			path = images;
			sourceTree = "<group>";
		};
		E4773F0824614CA00050EB4B /* Model */ = {
			isa = PBXGroup;
			children = (
				E4773F0924614CAD0050EB4B /* Character.swift */,
			);
			path = Model;
			sourceTree = "<group>";
		};
		E4773F0B246154300050EB4B /* Extensions */ = {
			isa = PBXGroup;
			children = (
				E4773F0C246154560050EB4B /* UIColor+Extension.swift */,
			);
			path = Extensions;
			sourceTree = "<group>";
		};
/* End PBXGroup section */

/* Begin PBXNativeTarget section */
		607FACCF1AFB9204008FA782 /* PagingScrollView_Example */ = {
			isa = PBXNativeTarget;
			buildConfigurationList = 607FACEF1AFB9204008FA782 /* Build configuration list for PBXNativeTarget "PagingScrollView_Example" */;
			buildPhases = (
				16C55DDA1C6E427759898B2A /* [CP] Check Pods Manifest.lock */,
				607FACCC1AFB9204008FA782 /* Sources */,
				607FACCD1AFB9204008FA782 /* Frameworks */,
				607FACCE1AFB9204008FA782 /* Resources */,
				D855E2F021444903DAB24DD9 /* [CP] Embed Pods Frameworks */,
			);
			buildRules = (
			);
			dependencies = (
			);
			name = PagingScrollView_Example;
			productName = PagingScrollView;
			productReference = 607FACD01AFB9204008FA782 /* PagingScrollView_Example.app */;
			productType = "com.apple.product-type.application";
		};
		607FACE41AFB9204008FA782 /* PagingScrollView_Tests */ = {
			isa = PBXNativeTarget;
			buildConfigurationList = 607FACF21AFB9204008FA782 /* Build configuration list for PBXNativeTarget "PagingScrollView_Tests" */;
			buildPhases = (
				E3D277FB957A93F42054BA37 /* [CP] Check Pods Manifest.lock */,
				607FACE11AFB9204008FA782 /* Sources */,
				607FACE21AFB9204008FA782 /* Frameworks */,
				607FACE31AFB9204008FA782 /* Resources */,
				2D6B3C0A1D3B6B8C6B74A95E /* [CP] Embed Pods Frameworks */,
			);
			buildRules = (
			);
			dependencies = (
				607FACE71AFB9204008FA782 /* PBXTargetDependency */,
			);
			name = PagingScrollView_Tests;
			productName = Tests;
			productReference = 607FACE51AFB9204008FA782 /* PagingScrollView_Tests.xctest */;
			productType = "com.apple.product-type.bundle.unit-test";
		};
/* End PBXNativeTarget section */

/* Begin PBXProject section */
		607FACC81AFB9204008FA782 /* Project object */ = {
			isa = PBXProject;
			attributes = {
				LastSwiftUpdateCheck = 0830;
				LastUpgradeCheck = 0830;
				ORGANIZATIONNAME = CocoaPods;
				TargetAttributes = {
					607FACCF1AFB9204008FA782 = {
						CreatedOnToolsVersion = 6.3.1;
						DevelopmentTeam = 9WH7P28T27;
						LastSwiftMigration = 0900;
					};
					607FACE41AFB9204008FA782 = {
						CreatedOnToolsVersion = 6.3.1;
						DevelopmentTeam = 9WH7P28T27;
						LastSwiftMigration = 0900;
						TestTargetID = 607FACCF1AFB9204008FA782;
					};
				};
			};
			buildConfigurationList = 607FACCB1AFB9204008FA782 /* Build configuration list for PBXProject "PagingScrollView" */;
			compatibilityVersion = "Xcode 3.2";
			developmentRegion = English;
			hasScannedForEncodings = 0;
			knownRegions = (
				English,
				en,
				Base,
			);
			mainGroup = 607FACC71AFB9204008FA782;
			productRefGroup = 607FACD11AFB9204008FA782 /* Products */;
			projectDirPath = "";
			projectRoot = "";
			targets = (
				607FACCF1AFB9204008FA782 /* PagingScrollView_Example */,
				607FACE41AFB9204008FA782 /* PagingScrollView_Tests */,
			);
		};
/* End PBXProject section */

/* Begin PBXResourcesBuildPhase section */
		607FACCE1AFB9204008FA782 /* Resources */ = {
			isa = PBXResourcesBuildPhase;
			buildActionMask = 2147483647;
			files = (
				E4773EEB24614B1C0050EB4B /* pngwing.com-1@2x.png in Resources */,
				E4773EFF24614B1C0050EB4B /* pngwing.com-7.png in Resources */,
				E4773EF724614B1C0050EB4B /* pngwing.com-2@2x.png in Resources */,
				E4773EF824614B1C0050EB4B /* pngwing.com-2.png in Resources */,
				E4773EE924614B1C0050EB4B /* pngwing.com-3@2x.png in Resources */,
				E4773EEC24614B1C0050EB4B /* pngwing.com-3@3x.png in Resources */,
				E4773EFC24614B1C0050EB4B /* pngwing.com-4.png in Resources */,
				607FACDB1AFB9204008FA782 /* Main.storyboard in Resources */,
				E4773EEA24614B1C0050EB4B /* pngwing.com-1@3x.png in Resources */,
				E4773EF324614B1C0050EB4B /* pngwing.com-5@3x.png in Resources */,
				E4773EF524614B1C0050EB4B /* pngwing.com-0@3x.png in Resources */,
				E4773EFB24614B1C0050EB4B /* pngwing.com-5.png in Resources */,
				E4773EED24614B1C0050EB4B /* pngwing.com-7@3x.png in Resources */,
				E4773EF024614B1C0050EB4B /* pngwing.com-9.png in Resources */,
				E4773F0624614B1C0050EB4B /* pngwing.com-4@3x.png in Resources */,
				E4773EFA24614B1C0050EB4B /* pngwing.com-1.png in Resources */,
				E4773F0F2461592F0050EB4B /* ParallaxViewCell.xib in Resources */,
				E4773EFD24614B1C0050EB4B /* pngwing.com-6.png in Resources */,
				E4773F0324614B1C0050EB4B /* pngwing.com-6@3x.png in Resources */,
				E4773EF624614B1C0050EB4B /* pngwing.com-3.png in Resources */,
				E4773EF924614B1C0050EB4B /* pngwing.com-0.png in Resources */,
				E4773EEF24614B1C0050EB4B /* pngwing.com-9@2x.png in Resources */,
				E4773F0224614B1C0050EB4B /* pngwing.com-8@2x.png in Resources */,
				E4773F0424614B1C0050EB4B /* pngwing.com-6@2x.png in Resources */,
				E4773EF124614B1C0050EB4B /* pngwing.com-8.png in Resources */,
				E4773F0024614B1C0050EB4B /* pngwing.com-0@2x.png in Resources */,
				E4773F0124614B1C0050EB4B /* pngwing.com-4@2x.png in Resources */,
				E4773EEE24614B1C0050EB4B /* pngwing.com-5@2x.png in Resources */,
				E4773EF424614B1C0050EB4B /* pngwing.com-7@2x.png in Resources */,
				607FACE01AFB9204008FA782 /* LaunchScreen.xib in Resources */,
				E4773F0724614B1C0050EB4B /* Characters.json in Resources */,
				E4773EFE24614B1C0050EB4B /* pngwing.com-2@3x.png in Resources */,
				E4773EF224614B1C0050EB4B /* pngwing.com-9@3x.png in Resources */,
				E4773F0524614B1C0050EB4B /* pngwing.com-8@3x.png in Resources */,
				607FACDD1AFB9204008FA782 /* Images.xcassets in Resources */,
			);
			runOnlyForDeploymentPostprocessing = 0;
		};
		607FACE31AFB9204008FA782 /* Resources */ = {
			isa = PBXResourcesBuildPhase;
			buildActionMask = 2147483647;
			files = (
			);
			runOnlyForDeploymentPostprocessing = 0;
		};
/* End PBXResourcesBuildPhase section */

/* Begin PBXShellScriptBuildPhase section */
		16C55DDA1C6E427759898B2A /* [CP] Check Pods Manifest.lock */ = {
			isa = PBXShellScriptBuildPhase;
			buildActionMask = 2147483647;
			files = (
			);
			inputFileListPaths = (
			);
			inputPaths = (
				"${PODS_PODFILE_DIR_PATH}/Podfile.lock",
				"${PODS_ROOT}/Manifest.lock",
			);
			name = "[CP] Check Pods Manifest.lock";
			outputFileListPaths = (
			);
			outputPaths = (
				"$(DERIVED_FILE_DIR)/Pods-PagingScrollView_Example-checkManifestLockResult.txt",
			);
			runOnlyForDeploymentPostprocessing = 0;
			shellPath = /bin/sh;
			shellScript = "diff \"${PODS_PODFILE_DIR_PATH}/Podfile.lock\" \"${PODS_ROOT}/Manifest.lock\" > /dev/null\nif [ $? != 0 ] ; then\n    # print error to STDERR\n    echo \"error: The sandbox is not in sync with the Podfile.lock. Run 'pod install' or update your CocoaPods installation.\" >&2\n    exit 1\nfi\n# This output is used by Xcode 'outputs' to avoid re-running this script phase.\necho \"SUCCESS\" > \"${SCRIPT_OUTPUT_FILE_0}\"\n";
			showEnvVarsInLog = 0;
		};
		2D6B3C0A1D3B6B8C6B74A95E /* [CP] Embed Pods Frameworks */ = {
			isa = PBXShellScriptBuildPhase;
			buildActionMask = 2147483647;
			files = (
			);
			inputPaths = (
				"${PODS_ROOT}/Target Support Files/Pods-PagingScrollView_Tests/Pods-PagingScrollView_Tests-frameworks.sh",
				"${BUILT_PRODUCTS_DIR}/FBSnapshotTestCase/FBSnapshotTestCase.framework",
			);
			name = "[CP] Embed Pods Frameworks";
			outputPaths = (
				"${TARGET_BUILD_DIR}/${FRAMEWORKS_FOLDER_PATH}/FBSnapshotTestCase.framework",
			);
			runOnlyForDeploymentPostprocessing = 0;
			shellPath = /bin/sh;
			shellScript = "\"${PODS_ROOT}/Target Support Files/Pods-PagingScrollView_Tests/Pods-PagingScrollView_Tests-frameworks.sh\"\n";
			showEnvVarsInLog = 0;
		};
		D855E2F021444903DAB24DD9 /* [CP] Embed Pods Frameworks */ = {
			isa = PBXShellScriptBuildPhase;
			buildActionMask = 2147483647;
			files = (
			);
			inputPaths = (
				"${PODS_ROOT}/Target Support Files/Pods-PagingScrollView_Example/Pods-PagingScrollView_Example-frameworks.sh",
				"${BUILT_PRODUCTS_DIR}/SwiftyPagingScrollView/SwiftyPagingScrollView.framework",
			);
			name = "[CP] Embed Pods Frameworks";
			outputPaths = (
				"${TARGET_BUILD_DIR}/${FRAMEWORKS_FOLDER_PATH}/SwiftyPagingScrollView.framework",
			);
			runOnlyForDeploymentPostprocessing = 0;
			shellPath = /bin/sh;
			shellScript = "\"${PODS_ROOT}/Target Support Files/Pods-PagingScrollView_Example/Pods-PagingScrollView_Example-frameworks.sh\"\n";
			showEnvVarsInLog = 0;
		};
		E3D277FB957A93F42054BA37 /* [CP] Check Pods Manifest.lock */ = {
			isa = PBXShellScriptBuildPhase;
			buildActionMask = 2147483647;
			files = (
			);
			inputFileListPaths = (
			);
			inputPaths = (
				"${PODS_PODFILE_DIR_PATH}/Podfile.lock",
				"${PODS_ROOT}/Manifest.lock",
			);
			name = "[CP] Check Pods Manifest.lock";
			outputFileListPaths = (
			);
			outputPaths = (
				"$(DERIVED_FILE_DIR)/Pods-PagingScrollView_Tests-checkManifestLockResult.txt",
			);
			runOnlyForDeploymentPostprocessing = 0;
			shellPath = /bin/sh;
			shellScript = "diff \"${PODS_PODFILE_DIR_PATH}/Podfile.lock\" \"${PODS_ROOT}/Manifest.lock\" > /dev/null\nif [ $? != 0 ] ; then\n    # print error to STDERR\n    echo \"error: The sandbox is not in sync with the Podfile.lock. Run 'pod install' or update your CocoaPods installation.\" >&2\n    exit 1\nfi\n# This output is used by Xcode 'outputs' to avoid re-running this script phase.\necho \"SUCCESS\" > \"${SCRIPT_OUTPUT_FILE_0}\"\n";
			showEnvVarsInLog = 0;
		};
/* End PBXShellScriptBuildPhase section */

/* Begin PBXSourcesBuildPhase section */
		607FACCC1AFB9204008FA782 /* Sources */ = {
			isa = PBXSourcesBuildPhase;
			buildActionMask = 2147483647;
			files = (
				E4773EC524614AD20050EB4B /* ParallaxViewController.swift in Sources */,
				E4773EC724614AFA0050EB4B /* ParallaxViewCell.swift in Sources */,
				607FACD61AFB9204008FA782 /* AppDelegate.swift in Sources */,
				E4773F0A24614CAD0050EB4B /* Character.swift in Sources */,
				E4773F0D246154560050EB4B /* UIColor+Extension.swift in Sources */,
			);
			runOnlyForDeploymentPostprocessing = 0;
		};
		607FACE11AFB9204008FA782 /* Sources */ = {
			isa = PBXSourcesBuildPhase;
			buildActionMask = 2147483647;
			files = (
				607FACEC1AFB9204008FA782 /* Tests.swift in Sources */,
			);
			runOnlyForDeploymentPostprocessing = 0;
		};
/* End PBXSourcesBuildPhase section */

/* Begin PBXTargetDependency section */
		607FACE71AFB9204008FA782 /* PBXTargetDependency */ = {
			isa = PBXTargetDependency;
			target = 607FACCF1AFB9204008FA782 /* PagingScrollView_Example */;
			targetProxy = 607FACE61AFB9204008FA782 /* PBXContainerItemProxy */;
		};
/* End PBXTargetDependency section */

/* Begin PBXVariantGroup section */
		607FACD91AFB9204008FA782 /* Main.storyboard */ = {
			isa = PBXVariantGroup;
			children = (
				607FACDA1AFB9204008FA782 /* Base */,
			);
			name = Main.storyboard;
			sourceTree = "<group>";
		};
		607FACDE1AFB9204008FA782 /* LaunchScreen.xib */ = {
			isa = PBXVariantGroup;
			children = (
				607FACDF1AFB9204008FA782 /* Base */,
			);
			name = LaunchScreen.xib;
			sourceTree = "<group>";
		};
/* End PBXVariantGroup section */

/* Begin XCBuildConfiguration section */
		607FACED1AFB9204008FA782 /* Debug */ = {
			isa = XCBuildConfiguration;
			buildSettings = {
				ALWAYS_SEARCH_USER_PATHS = NO;
				CLANG_CXX_LANGUAGE_STANDARD = "gnu++0x";
				CLANG_CXX_LIBRARY = "libc++";
				CLANG_ENABLE_MODULES = YES;
				CLANG_ENABLE_OBJC_ARC = YES;
				CLANG_WARN_BLOCK_CAPTURE_AUTORELEASING = YES;
				CLANG_WARN_BOOL_CONVERSION = YES;
				CLANG_WARN_COMMA = YES;
				CLANG_WARN_CONSTANT_CONVERSION = YES;
				CLANG_WARN_DIRECT_OBJC_ISA_USAGE = YES_ERROR;
				CLANG_WARN_EMPTY_BODY = YES;
				CLANG_WARN_ENUM_CONVERSION = YES;
				CLANG_WARN_INFINITE_RECURSION = YES;
				CLANG_WARN_INT_CONVERSION = YES;
				CLANG_WARN_NON_LITERAL_NULL_CONVERSION = YES;
				CLANG_WARN_OBJC_LITERAL_CONVERSION = YES;
				CLANG_WARN_OBJC_ROOT_CLASS = YES_ERROR;
				CLANG_WARN_RANGE_LOOP_ANALYSIS = YES;
				CLANG_WARN_STRICT_PROTOTYPES = YES;
				CLANG_WARN_SUSPICIOUS_MOVE = YES;
				CLANG_WARN_UNREACHABLE_CODE = YES;
				CLANG_WARN__DUPLICATE_METHOD_MATCH = YES;
				"CODE_SIGN_IDENTITY[sdk=iphoneos*]" = "iPhone Developer";
				COPY_PHASE_STRIP = NO;
				DEBUG_INFORMATION_FORMAT = "dwarf-with-dsym";
				ENABLE_STRICT_OBJC_MSGSEND = YES;
				ENABLE_TESTABILITY = YES;
				GCC_C_LANGUAGE_STANDARD = gnu99;
				GCC_DYNAMIC_NO_PIC = NO;
				GCC_NO_COMMON_BLOCKS = YES;
				GCC_OPTIMIZATION_LEVEL = 0;
				GCC_PREPROCESSOR_DEFINITIONS = (
					"DEBUG=1",
					"$(inherited)",
				);
				GCC_SYMBOLS_PRIVATE_EXTERN = NO;
				GCC_WARN_64_TO_32_BIT_CONVERSION = YES;
				GCC_WARN_ABOUT_RETURN_TYPE = YES_ERROR;
				GCC_WARN_UNDECLARED_SELECTOR = YES;
				GCC_WARN_UNINITIALIZED_AUTOS = YES_AGGRESSIVE;
				GCC_WARN_UNUSED_FUNCTION = YES;
				GCC_WARN_UNUSED_VARIABLE = YES;
				IPHONEOS_DEPLOYMENT_TARGET = 11.0;
				MTL_ENABLE_DEBUG_INFO = YES;
				ONLY_ACTIVE_ARCH = YES;
				SDKROOT = iphoneos;
				SWIFT_OPTIMIZATION_LEVEL = "-Onone";
			};
			name = Debug;
		};
		607FACEE1AFB9204008FA782 /* Release */ = {
			isa = XCBuildConfiguration;
			buildSettings = {
				ALWAYS_SEARCH_USER_PATHS = NO;
				CLANG_CXX_LANGUAGE_STANDARD = "gnu++0x";
				CLANG_CXX_LIBRARY = "libc++";
				CLANG_ENABLE_MODULES = YES;
				CLANG_ENABLE_OBJC_ARC = YES;
				CLANG_WARN_BLOCK_CAPTURE_AUTORELEASING = YES;
				CLANG_WARN_BOOL_CONVERSION = YES;
				CLANG_WARN_COMMA = YES;
				CLANG_WARN_CONSTANT_CONVERSION = YES;
				CLANG_WARN_DIRECT_OBJC_ISA_USAGE = YES_ERROR;
				CLANG_WARN_EMPTY_BODY = YES;
				CLANG_WARN_ENUM_CONVERSION = YES;
				CLANG_WARN_INFINITE_RECURSION = YES;
				CLANG_WARN_INT_CONVERSION = YES;
				CLANG_WARN_NON_LITERAL_NULL_CONVERSION = YES;
				CLANG_WARN_OBJC_LITERAL_CONVERSION = YES;
				CLANG_WARN_OBJC_ROOT_CLASS = YES_ERROR;
				CLANG_WARN_RANGE_LOOP_ANALYSIS = YES;
				CLANG_WARN_STRICT_PROTOTYPES = YES;
				CLANG_WARN_SUSPICIOUS_MOVE = YES;
				CLANG_WARN_UNREACHABLE_CODE = YES;
				CLANG_WARN__DUPLICATE_METHOD_MATCH = YES;
				"CODE_SIGN_IDENTITY[sdk=iphoneos*]" = "iPhone Developer";
				COPY_PHASE_STRIP = NO;
				DEBUG_INFORMATION_FORMAT = "dwarf-with-dsym";
				ENABLE_NS_ASSERTIONS = NO;
				ENABLE_STRICT_OBJC_MSGSEND = YES;
				GCC_C_LANGUAGE_STANDARD = gnu99;
				GCC_NO_COMMON_BLOCKS = YES;
				GCC_WARN_64_TO_32_BIT_CONVERSION = YES;
				GCC_WARN_ABOUT_RETURN_TYPE = YES_ERROR;
				GCC_WARN_UNDECLARED_SELECTOR = YES;
				GCC_WARN_UNINITIALIZED_AUTOS = YES_AGGRESSIVE;
				GCC_WARN_UNUSED_FUNCTION = YES;
				GCC_WARN_UNUSED_VARIABLE = YES;
				IPHONEOS_DEPLOYMENT_TARGET = 11.0;
				MTL_ENABLE_DEBUG_INFO = NO;
				SDKROOT = iphoneos;
				SWIFT_OPTIMIZATION_LEVEL = "-Owholemodule";
				VALIDATE_PRODUCT = YES;
			};
			name = Release;
		};
		607FACF01AFB9204008FA782 /* Debug */ = {
			isa = XCBuildConfiguration;
			baseConfigurationReference = B549446622A8A64B659E3129 /* Pods-PagingScrollView_Example.debug.xcconfig */;
			buildSettings = {
				ASSETCATALOG_COMPILER_APPICON_NAME = AppIcon;
				DEVELOPMENT_TEAM = 9WH7P28T27;
				INFOPLIST_FILE = PagingScrollView/Info.plist;
				LD_RUNPATH_SEARCH_PATHS = "$(inherited) @executable_path/Frameworks";
				MODULE_NAME = ExampleApp;
				PRODUCT_BUNDLE_IDENTIFIER = "com.samad.demo.PagingScrollView-Example";
				PRODUCT_NAME = "$(TARGET_NAME)";
				SWIFT_SWIFT3_OBJC_INFERENCE = Default;
				SWIFT_VERSION = 4.0;
			};
			name = Debug;
		};
		607FACF11AFB9204008FA782 /* Release */ = {
			isa = XCBuildConfiguration;
			baseConfigurationReference = 84022FF66A7040AB2DC01177 /* Pods-PagingScrollView_Example.release.xcconfig */;
			buildSettings = {
				ASSETCATALOG_COMPILER_APPICON_NAME = AppIcon;
				DEVELOPMENT_TEAM = 9WH7P28T27;
				INFOPLIST_FILE = PagingScrollView/Info.plist;
				LD_RUNPATH_SEARCH_PATHS = "$(inherited) @executable_path/Frameworks";
				MODULE_NAME = ExampleApp;
				PRODUCT_BUNDLE_IDENTIFIER = "com.samad.demo.PagingScrollView-Example";
				PRODUCT_NAME = "$(TARGET_NAME)";
				SWIFT_SWIFT3_OBJC_INFERENCE = Default;
				SWIFT_VERSION = 4.0;
			};
			name = Release;
		};
		607FACF31AFB9204008FA782 /* Debug */ = {
			isa = XCBuildConfiguration;
			baseConfigurationReference = 34F3F1F4718A7CFA8FA958F5 /* Pods-PagingScrollView_Tests.debug.xcconfig */;
			buildSettings = {
				DEVELOPMENT_TEAM = 9WH7P28T27;
				FRAMEWORK_SEARCH_PATHS = (
					"$(PLATFORM_DIR)/Developer/Library/Frameworks",
					"$(inherited)",
				);
				GCC_PREPROCESSOR_DEFINITIONS = (
					"DEBUG=1",
					"$(inherited)",
				);
				INFOPLIST_FILE = Tests/Info.plist;
				LD_RUNPATH_SEARCH_PATHS = "$(inherited) @executable_path/Frameworks @loader_path/Frameworks";
				PRODUCT_BUNDLE_IDENTIFIER = "org.cocoapods.$(PRODUCT_NAME:rfc1034identifier)";
				PRODUCT_NAME = "$(TARGET_NAME)";
				SWIFT_SWIFT3_OBJC_INFERENCE = Default;
				SWIFT_VERSION = 4.0;
				TEST_HOST = "$(BUILT_PRODUCTS_DIR)/PagingScrollView_Example.app/PagingScrollView_Example";
			};
			name = Debug;
		};
		607FACF41AFB9204008FA782 /* Release */ = {
			isa = XCBuildConfiguration;
			baseConfigurationReference = 0D90AC3BB2C83D34A4CA77CA /* Pods-PagingScrollView_Tests.release.xcconfig */;
			buildSettings = {
				DEVELOPMENT_TEAM = 9WH7P28T27;
				FRAMEWORK_SEARCH_PATHS = (
					"$(PLATFORM_DIR)/Developer/Library/Frameworks",
					"$(inherited)",
				);
				INFOPLIST_FILE = Tests/Info.plist;
				LD_RUNPATH_SEARCH_PATHS = "$(inherited) @executable_path/Frameworks @loader_path/Frameworks";
				PRODUCT_BUNDLE_IDENTIFIER = "org.cocoapods.$(PRODUCT_NAME:rfc1034identifier)";
				PRODUCT_NAME = "$(TARGET_NAME)";
				SWIFT_SWIFT3_OBJC_INFERENCE = Default;
				SWIFT_VERSION = 4.0;
				TEST_HOST = "$(BUILT_PRODUCTS_DIR)/PagingScrollView_Example.app/PagingScrollView_Example";
			};
			name = Release;
		};
/* End XCBuildConfiguration section */

/* Begin XCConfigurationList section */
		607FACCB1AFB9204008FA782 /* Build configuration list for PBXProject "PagingScrollView" */ = {
			isa = XCConfigurationList;
			buildConfigurations = (
				607FACED1AFB9204008FA782 /* Debug */,
				607FACEE1AFB9204008FA782 /* Release */,
			);
			defaultConfigurationIsVisible = 0;
			defaultConfigurationName = Release;
		};
		607FACEF1AFB9204008FA782 /* Build configuration list for PBXNativeTarget "PagingScrollView_Example" */ = {
			isa = XCConfigurationList;
			buildConfigurations = (
				607FACF01AFB9204008FA782 /* Debug */,
				607FACF11AFB9204008FA782 /* Release */,
			);
			defaultConfigurationIsVisible = 0;
			defaultConfigurationName = Release;
		};
		607FACF21AFB9204008FA782 /* Build configuration list for PBXNativeTarget "PagingScrollView_Tests" */ = {
			isa = XCConfigurationList;
			buildConfigurations = (
				607FACF31AFB9204008FA782 /* Debug */,
				607FACF41AFB9204008FA782 /* Release */,
			);
			defaultConfigurationIsVisible = 0;
			defaultConfigurationName = Release;
		};
/* End XCConfigurationList section */
	};
	rootObject = 607FACC81AFB9204008FA782 /* Project object */;
}
